
Microsoft Visual Studio Solution File, Format Version 12.00
# Visual Studio Version 17
VisualStudioVersion = 17.0.32014.148
MinimumVisualStudioVersion = 10.0.40219.1
Project("{9A19103F-16F7-4668-BE54-9A1E7A4F7556}") = "CovidDashboard", "CovidDashboard\CovidDashboard.csproj", "{419BE4FA-794E-47D2-9061-450D0C99CCC3}"
EndProject
Global
	GlobalSection(SolutionConfigurationPlatforms) = preSolution
		Debug|Any CPU = Debug|Any CPU
		Release|Any CPU = Release|Any CPU
	EndGlobalSection
	GlobalSection(ProjectConfigurationPlatforms) = postSolution
		{419BE4FA-794E-47D2-9061-450D0C99CCC3}.Debug|Any CPU.ActiveCfg = Debug|Any CPU
		{419BE4FA-794E-47D2-9061-450D0C99CCC3}.Debug|Any CPU.Build.0 = Debug|Any CPU
		{419BE4FA-794E-47D2-9061-450D0C99CCC3}.Release|Any CPU.ActiveCfg = Release|Any CPU
		{419BE4FA-794E-47D2-9061-450D0C99CCC3}.Release|Any CPU.Build.0 = Release|Any CPU
	EndGlobalSection
	GlobalSection(SolutionProperties) = preSolution
		HideSolutionNode = FALSE
	EndGlobalSection
	GlobalSection(ExtensibilityGlobals) = postSolution
		SolutionGuid = {96455B7A-DE0C-4424-8A76-8B28129297DC}
	EndGlobalSection
EndGlobal
